
Microsoft Visual Studio Solution File, Format Version 12.00
# Visual Studio Version 17
VisualStudioVersion = 17.2.32519.379
MinimumVisualStudioVersion = 10.0.40219.1
Project("{9A19103F-16F7-4668-BE54-9A1E7A4F7556}") = "AcademyHomework1.Days", "AcademyHomework1.Days\AcademyHomework1.Days.csproj", "{4F72E067-40DB-4365-AF4F-F3CE932287DF}"
EndProject
Project("{9A19103F-16F7-4668-BE54-9A1E7A4F7556}") = "AcademyHomework1.MultiplicationTable", "AcademyHomework1.MultiplicationTable\AcademyHomework1.MultiplicationTable.csproj", "{467B1F0E-B5DA-437F-AE84-F3FB16CE5C30}"
EndProject
Project("{9A19103F-16F7-4668-BE54-9A1E7A4F7556}") = "AcademyHomework2.Calculator", "AcademyHomework2.Calculator\AcademyHomework2.Calculator.csproj", "{7D25D669-6B98-4E47-9397-0D8FBD315DE5}"
EndProject
Project("{9A19103F-16F7-4668-BE54-9A1E7A4F7556}") = "AcademyHomework2.TheBestCalculator", "AcademyHomework2.TheBestCalculator\AcademyHomework2.TheBestCalculator.csproj", "{6119726D-9D23-4764-B375-D6535DECB18B}"
EndProject
Project("{FAE04EC0-301F-11D3-BF4B-00C04F79EFBC}") = "AcademyHomework3.TaxiStation", "AcademyHomework3.TaxiStation\AcademyHomework3.TaxiStation.csproj", "{E70FEE68-1347-4E87-A3E3-BDB02833BFF4}"
EndProject
Global
	GlobalSection(SolutionConfigurationPlatforms) = preSolution
		Debug|Any CPU = Debug|Any CPU
		Release|Any CPU = Release|Any CPU
	EndGlobalSection
	GlobalSection(ProjectConfigurationPlatforms) = postSolution
		{4F72E067-40DB-4365-AF4F-F3CE932287DF}.Debug|Any CPU.ActiveCfg = Debug|Any CPU
		{4F72E067-40DB-4365-AF4F-F3CE932287DF}.Debug|Any CPU.Build.0 = Debug|Any CPU
		{4F72E067-40DB-4365-AF4F-F3CE932287DF}.Release|Any CPU.ActiveCfg = Release|Any CPU
		{4F72E067-40DB-4365-AF4F-F3CE932287DF}.Release|Any CPU.Build.0 = Release|Any CPU
		{467B1F0E-B5DA-437F-AE84-F3FB16CE5C30}.Debug|Any CPU.ActiveCfg = Debug|Any CPU
		{467B1F0E-B5DA-437F-AE84-F3FB16CE5C30}.Debug|Any CPU.Build.0 = Debug|Any CPU
		{467B1F0E-B5DA-437F-AE84-F3FB16CE5C30}.Release|Any CPU.ActiveCfg = Release|Any CPU
		{467B1F0E-B5DA-437F-AE84-F3FB16CE5C30}.Release|Any CPU.Build.0 = Release|Any CPU
		{7D25D669-6B98-4E47-9397-0D8FBD315DE5}.Debug|Any CPU.ActiveCfg = Debug|Any CPU
		{7D25D669-6B98-4E47-9397-0D8FBD315DE5}.Debug|Any CPU.Build.0 = Debug|Any CPU
		{7D25D669-6B98-4E47-9397-0D8FBD315DE5}.Release|Any CPU.ActiveCfg = Release|Any CPU
		{7D25D669-6B98-4E47-9397-0D8FBD315DE5}.Release|Any CPU.Build.0 = Release|Any CPU
		{6119726D-9D23-4764-B375-D6535DECB18B}.Debug|Any CPU.ActiveCfg = Debug|Any CPU
		{6119726D-9D23-4764-B375-D6535DECB18B}.Debug|Any CPU.Build.0 = Debug|Any CPU
		{6119726D-9D23-4764-B375-D6535DECB18B}.Release|Any CPU.ActiveCfg = Release|Any CPU
		{6119726D-9D23-4764-B375-D6535DECB18B}.Release|Any CPU.Build.0 = Release|Any CPU
		{E70FEE68-1347-4E87-A3E3-BDB02833BFF4}.Debug|Any CPU.ActiveCfg = Debug|Any CPU
		{E70FEE68-1347-4E87-A3E3-BDB02833BFF4}.Debug|Any CPU.Build.0 = Debug|Any CPU
		{E70FEE68-1347-4E87-A3E3-BDB02833BFF4}.Release|Any CPU.ActiveCfg = Release|Any CPU
		{E70FEE68-1347-4E87-A3E3-BDB02833BFF4}.Release|Any CPU.Build.0 = Release|Any CPU
	EndGlobalSection
	GlobalSection(SolutionProperties) = preSolution
		HideSolutionNode = FALSE
	EndGlobalSection
	GlobalSection(ExtensibilityGlobals) = postSolution
		SolutionGuid = {3BA44138-F67E-46BB-913D-3F3754E9BD5D}
	EndGlobalSection
EndGlobal
